
Microsoft Visual Studio Solution File, Format Version 12.00
# Visual Studio 15
VisualStudioVersion = 15.0.27004.2002
MinimumVisualStudioVersion = 10.0.40219.1
Project("{FAE04EC0-301F-11D3-BF4B-00C04F79EFBC}") = "Zad1", "Zadaca2\Zad1.csproj", "{7E37741A-582E-4C7F-B07B-4AD01446C841}"
EndProject
Project("{FAE04EC0-301F-11D3-BF4B-00C04F79EFBC}") = "Zad2", "Zad2\Zad2.csproj", "{3A02657F-7329-4549-9E66-C3DB46C8431F}"
EndProject
Project("{FAE04EC0-301F-11D3-BF4B-00C04F79EFBC}") = "UnitTestProject2", "UnitTestProject2\UnitTestProject2.csproj", "{4913B92D-2683-4079-B6A6-DCA8E1440FF7}"
EndProject
Project("{FAE04EC0-301F-11D3-BF4B-00C04F79EFBC}") = "UnitTestProject3", "UnitTestProject3\UnitTestProject3.csproj", "{8ACE32A8-362E-4E64-A58E-326C8696F883}"
EndProject
Global
	GlobalSection(SolutionConfigurationPlatforms) = preSolution
		Debug|Any CPU = Debug|Any CPU
		Debug|ARM = Debug|ARM
		Debug|x64 = Debug|x64
		Debug|x86 = Debug|x86
		Release|Any CPU = Release|Any CPU
		Release|ARM = Release|ARM
		Release|x64 = Release|x64
		Release|x86 = Release|x86
	EndGlobalSection
	GlobalSection(ProjectConfigurationPlatforms) = postSolution
		{7E37741A-582E-4C7F-B07B-4AD01446C841}.Debug|Any CPU.ActiveCfg = Debug|Any CPU
		{7E37741A-582E-4C7F-B07B-4AD01446C841}.Debug|Any CPU.Build.0 = Debug|Any CPU
		{7E37741A-582E-4C7F-B07B-4AD01446C841}.Debug|ARM.ActiveCfg = Debug|Any CPU
		{7E37741A-582E-4C7F-B07B-4AD01446C841}.Debug|ARM.Build.0 = Debug|Any CPU
		{7E37741A-582E-4C7F-B07B-4AD01446C841}.Debug|x64.ActiveCfg = Debug|Any CPU
		{7E37741A-582E-4C7F-B07B-4AD01446C841}.Debug|x64.Build.0 = Debug|Any CPU
		{7E37741A-582E-4C7F-B07B-4AD01446C841}.Debug|x86.ActiveCfg = Debug|Any CPU
		{7E37741A-582E-4C7F-B07B-4AD01446C841}.Debug|x86.Build.0 = Debug|Any CPU
		{7E37741A-582E-4C7F-B07B-4AD01446C841}.Release|Any CPU.ActiveCfg = Release|Any CPU
		{7E37741A-582E-4C7F-B07B-4AD01446C841}.Release|Any CPU.Build.0 = Release|Any CPU
		{7E37741A-582E-4C7F-B07B-4AD01446C841}.Release|ARM.ActiveCfg = Release|Any CPU
		{7E37741A-582E-4C7F-B07B-4AD01446C841}.Release|ARM.Build.0 = Release|Any CPU
		{7E37741A-582E-4C7F-B07B-4AD01446C841}.Release|x64.ActiveCfg = Release|Any CPU
		{7E37741A-582E-4C7F-B07B-4AD01446C841}.Release|x64.Build.0 = Release|Any CPU
		{7E37741A-582E-4C7F-B07B-4AD01446C841}.Release|x86.ActiveCfg = Release|Any CPU
		{7E37741A-582E-4C7F-B07B-4AD01446C841}.Release|x86.Build.0 = Release|Any CPU
		{3A02657F-7329-4549-9E66-C3DB46C8431F}.Debug|Any CPU.ActiveCfg = Debug|Any CPU
		{3A02657F-7329-4549-9E66-C3DB46C8431F}.Debug|Any CPU.Build.0 = Debug|Any CPU
		{3A02657F-7329-4549-9E66-C3DB46C8431F}.Debug|ARM.ActiveCfg = Debug|Any CPU
		{3A02657F-7329-4549-9E66-C3DB46C8431F}.Debug|ARM.Build.0 = Debug|Any CPU
		{3A02657F-7329-4549-9E66-C3DB46C8431F}.Debug|x64.ActiveCfg = Debug|Any CPU
		{3A02657F-7329-4549-9E66-C3DB46C8431F}.Debug|x64.Build.0 = Debug|Any CPU
		{3A02657F-7329-4549-9E66-C3DB46C8431F}.Debug|x86.ActiveCfg = Debug|Any CPU
		{3A02657F-7329-4549-9E66-C3DB46C8431F}.Debug|x86.Build.0 = Debug|Any CPU
		{3A02657F-7329-4549-9E66-C3DB46C8431F}.Release|Any CPU.ActiveCfg = Release|Any CPU
		{3A02657F-7329-4549-9E66-C3DB46C8431F}.Release|Any CPU.Build.0 = Release|Any CPU
		{3A02657F-7329-4549-9E66-C3DB46C8431F}.Release|ARM.ActiveCfg = Release|Any CPU
		{3A02657F-7329-4549-9E66-C3DB46C8431F}.Release|ARM.Build.0 = Release|Any CPU
		{3A02657F-7329-4549-9E66-C3DB46C8431F}.Release|x64.ActiveCfg = Release|Any CPU
		{3A02657F-7329-4549-9E66-C3DB46C8431F}.Release|x64.Build.0 = Release|Any CPU
		{3A02657F-7329-4549-9E66-C3DB46C8431F}.Release|x86.ActiveCfg = Release|Any CPU
		{3A02657F-7329-4549-9E66-C3DB46C8431F}.Release|x86.Build.0 = Release|Any CPU
		{4913B92D-2683-4079-B6A6-DCA8E1440FF7}.Debug|Any CPU.ActiveCfg = Debug|x86
		{4913B92D-2683-4079-B6A6-DCA8E1440FF7}.Debug|ARM.ActiveCfg = Debug|ARM
		{4913B92D-2683-4079-B6A6-DCA8E1440FF7}.Debug|ARM.Build.0 = Debug|ARM
		{4913B92D-2683-4079-B6A6-DCA8E1440FF7}.Debug|ARM.Deploy.0 = Debug|ARM
		{4913B92D-2683-4079-B6A6-DCA8E1440FF7}.Debug|x64.ActiveCfg = Debug|x64
		{4913B92D-2683-4079-B6A6-DCA8E1440FF7}.Debug|x64.Build.0 = Debug|x64
		{4913B92D-2683-4079-B6A6-DCA8E1440FF7}.Debug|x64.Deploy.0 = Debug|x64
		{4913B92D-2683-4079-B6A6-DCA8E1440FF7}.Debug|x86.ActiveCfg = Debug|x86
		{4913B92D-2683-4079-B6A6-DCA8E1440FF7}.Debug|x86.Build.0 = Debug|x86
		{4913B92D-2683-4079-B6A6-DCA8E1440FF7}.Debug|x86.Deploy.0 = Debug|x86
		{4913B92D-2683-4079-B6A6-DCA8E1440FF7}.Release|Any CPU.ActiveCfg = Release|x86
		{4913B92D-2683-4079-B6A6-DCA8E1440FF7}.Release|ARM.ActiveCfg = Release|ARM
		{4913B92D-2683-4079-B6A6-DCA8E1440FF7}.Release|ARM.Build.0 = Release|ARM
		{4913B92D-2683-4079-B6A6-DCA8E1440FF7}.Release|ARM.Deploy.0 = Release|ARM
		{4913B92D-2683-4079-B6A6-DCA8E1440FF7}.Release|x64.ActiveCfg = Release|x64
		{4913B92D-2683-4079-B6A6-DCA8E1440FF7}.Release|x64.Build.0 = Release|x64
		{4913B92D-2683-4079-B6A6-DCA8E1440FF7}.Release|x64.Deploy.0 = Release|x64
		{4913B92D-2683-4079-B6A6-DCA8E1440FF7}.Release|x86.ActiveCfg = Release|x86
		{4913B92D-2683-4079-B6A6-DCA8E1440FF7}.Release|x86.Build.0 = Release|x86
		{4913B92D-2683-4079-B6A6-DCA8E1440FF7}.Release|x86.Deploy.0 = Release|x86
		{8ACE32A8-362E-4E64-A58E-326C8696F883}.Debug|Any CPU.ActiveCfg = Debug|Any CPU
		{8ACE32A8-362E-4E64-A58E-326C8696F883}.Debug|Any CPU.Build.0 = Debug|Any CPU
		{8ACE32A8-362E-4E64-A58E-326C8696F883}.Debug|ARM.ActiveCfg = Debug|Any CPU
		{8ACE32A8-362E-4E64-A58E-326C8696F883}.Debug|ARM.Build.0 = Debug|Any CPU
		{8ACE32A8-362E-4E64-A58E-326C8696F883}.Debug|x64.ActiveCfg = Debug|Any CPU
		{8ACE32A8-362E-4E64-A58E-326C8696F883}.Debug|x64.Build.0 = Debug|Any CPU
		{8ACE32A8-362E-4E64-A58E-326C8696F883}.Debug|x86.ActiveCfg = Debug|Any CPU
		{8ACE32A8-362E-4E64-A58E-326C8696F883}.Debug|x86.Build.0 = Debug|Any CPU
		{8ACE32A8-362E-4E64-A58E-326C8696F883}.Release|Any CPU.ActiveCfg = Release|Any CPU
		{8ACE32A8-362E-4E64-A58E-326C8696F883}.Release|Any CPU.Build.0 = Release|Any CPU
		{8ACE32A8-362E-4E64-A58E-326C8696F883}.Release|ARM.ActiveCfg = Release|Any CPU
		{8ACE32A8-362E-4E64-A58E-326C8696F883}.Release|ARM.Build.0 = Release|Any CPU
		{8ACE32A8-362E-4E64-A58E-326C8696F883}.Release|x64.ActiveCfg = Release|Any CPU
		{8ACE32A8-362E-4E64-A58E-326C8696F883}.Release|x64.Build.0 = Release|Any CPU
		{8ACE32A8-362E-4E64-A58E-326C8696F883}.Release|x86.ActiveCfg = Release|Any CPU
		{8ACE32A8-362E-4E64-A58E-326C8696F883}.Release|x86.Build.0 = Release|Any CPU
	EndGlobalSection
	GlobalSection(SolutionProperties) = preSolution
		HideSolutionNode = FALSE
	EndGlobalSection
	GlobalSection(ExtensibilityGlobals) = postSolution
		SolutionGuid = {04485741-8388-4E8C-ACEA-46D272340AAF}
	EndGlobalSection
EndGlobal
