
Microsoft Visual Studio Solution File, Format Version 12.00
# Visual Studio 15
VisualStudioVersion = 15.0.27004.2002
MinimumVisualStudioVersion = 10.0.40219.1
Project("{FAE04EC0-301F-11D3-BF4B-00C04F79EFBC}") = "Zad1", "Zad1\Zad1.csproj", "{7E37741A-582E-4C7F-B07B-4AD01446C841}"
EndProject
Project("{FAE04EC0-301F-11D3-BF4B-00C04F79EFBC}") = "Zad2", "Zad2\Zad2.csproj", "{3A02657F-7329-4549-9E66-C3DB46C8431F}"
EndProject
Project("{FAE04EC0-301F-11D3-BF4B-00C04F79EFBC}") = "Zad4", "Zad4\Zad4.csproj", "{C2D2D564-1272-4A5E-9BE3-8697701AF4AD}"
EndProject
Project("{FAE04EC0-301F-11D3-BF4B-00C04F79EFBC}") = "Zad67", "Zad67\Zad67.csproj", "{7DD79504-6AB8-4723-A375-8A8218998F77}"
EndProject
Project("{9A19103F-16F7-4668-BE54-9A1E7A4F7556}") = "Zad3", "Zad3\Zad3.csproj", "{9987C727-B3BC-4F7C-8CEF-DD51711C6C54}"
EndProject
Global
	GlobalSection(SolutionConfigurationPlatforms) = preSolution
		Debug|Any CPU = Debug|Any CPU
		Debug|ARM = Debug|ARM
		Debug|x64 = Debug|x64
		Debug|x86 = Debug|x86
		Release|Any CPU = Release|Any CPU
		Release|ARM = Release|ARM
		Release|x64 = Release|x64
		Release|x86 = Release|x86
	EndGlobalSection
	GlobalSection(ProjectConfigurationPlatforms) = postSolution
		{7E37741A-582E-4C7F-B07B-4AD01446C841}.Debug|Any CPU.ActiveCfg = Debug|Any CPU
		{7E37741A-582E-4C7F-B07B-4AD01446C841}.Debug|Any CPU.Build.0 = Debug|Any CPU
		{7E37741A-582E-4C7F-B07B-4AD01446C841}.Debug|ARM.ActiveCfg = Debug|Any CPU
		{7E37741A-582E-4C7F-B07B-4AD01446C841}.Debug|ARM.Build.0 = Debug|Any CPU
		{7E37741A-582E-4C7F-B07B-4AD01446C841}.Debug|x64.ActiveCfg = Debug|Any CPU
		{7E37741A-582E-4C7F-B07B-4AD01446C841}.Debug|x64.Build.0 = Debug|Any CPU
		{7E37741A-582E-4C7F-B07B-4AD01446C841}.Debug|x86.ActiveCfg = Debug|Any CPU
		{7E37741A-582E-4C7F-B07B-4AD01446C841}.Debug|x86.Build.0 = Debug|Any CPU
		{7E37741A-582E-4C7F-B07B-4AD01446C841}.Release|Any CPU.ActiveCfg = Release|Any CPU
		{7E37741A-582E-4C7F-B07B-4AD01446C841}.Release|Any CPU.Build.0 = Release|Any CPU
		{7E37741A-582E-4C7F-B07B-4AD01446C841}.Release|ARM.ActiveCfg = Release|Any CPU
		{7E37741A-582E-4C7F-B07B-4AD01446C841}.Release|ARM.Build.0 = Release|Any CPU
		{7E37741A-582E-4C7F-B07B-4AD01446C841}.Release|x64.ActiveCfg = Release|Any CPU
		{7E37741A-582E-4C7F-B07B-4AD01446C841}.Release|x64.Build.0 = Release|Any CPU
		{7E37741A-582E-4C7F-B07B-4AD01446C841}.Release|x86.ActiveCfg = Release|Any CPU
		{7E37741A-582E-4C7F-B07B-4AD01446C841}.Release|x86.Build.0 = Release|Any CPU
		{3A02657F-7329-4549-9E66-C3DB46C8431F}.Debug|Any CPU.ActiveCfg = Debug|Any CPU
		{3A02657F-7329-4549-9E66-C3DB46C8431F}.Debug|Any CPU.Build.0 = Debug|Any CPU
		{3A02657F-7329-4549-9E66-C3DB46C8431F}.Debug|ARM.ActiveCfg = Debug|Any CPU
		{3A02657F-7329-4549-9E66-C3DB46C8431F}.Debug|ARM.Build.0 = Debug|Any CPU
		{3A02657F-7329-4549-9E66-C3DB46C8431F}.Debug|x64.ActiveCfg = Debug|Any CPU
		{3A02657F-7329-4549-9E66-C3DB46C8431F}.Debug|x64.Build.0 = Debug|Any CPU
		{3A02657F-7329-4549-9E66-C3DB46C8431F}.Debug|x86.ActiveCfg = Debug|Any CPU
		{3A02657F-7329-4549-9E66-C3DB46C8431F}.Debug|x86.Build.0 = Debug|Any CPU
		{3A02657F-7329-4549-9E66-C3DB46C8431F}.Release|Any CPU.ActiveCfg = Release|Any CPU
		{3A02657F-7329-4549-9E66-C3DB46C8431F}.Release|Any CPU.Build.0 = Release|Any CPU
		{3A02657F-7329-4549-9E66-C3DB46C8431F}.Release|ARM.ActiveCfg = Release|Any CPU
		{3A02657F-7329-4549-9E66-C3DB46C8431F}.Release|ARM.Build.0 = Release|Any CPU
		{3A02657F-7329-4549-9E66-C3DB46C8431F}.Release|x64.ActiveCfg = Release|Any CPU
		{3A02657F-7329-4549-9E66-C3DB46C8431F}.Release|x64.Build.0 = Release|Any CPU
		{3A02657F-7329-4549-9E66-C3DB46C8431F}.Release|x86.ActiveCfg = Release|Any CPU
		{3A02657F-7329-4549-9E66-C3DB46C8431F}.Release|x86.Build.0 = Release|Any CPU
		{C2D2D564-1272-4A5E-9BE3-8697701AF4AD}.Debug|Any CPU.ActiveCfg = Debug|Any CPU
		{C2D2D564-1272-4A5E-9BE3-8697701AF4AD}.Debug|Any CPU.Build.0 = Debug|Any CPU
		{C2D2D564-1272-4A5E-9BE3-8697701AF4AD}.Debug|ARM.ActiveCfg = Debug|Any CPU
		{C2D2D564-1272-4A5E-9BE3-8697701AF4AD}.Debug|ARM.Build.0 = Debug|Any CPU
		{C2D2D564-1272-4A5E-9BE3-8697701AF4AD}.Debug|x64.ActiveCfg = Debug|Any CPU
		{C2D2D564-1272-4A5E-9BE3-8697701AF4AD}.Debug|x64.Build.0 = Debug|Any CPU
		{C2D2D564-1272-4A5E-9BE3-8697701AF4AD}.Debug|x86.ActiveCfg = Debug|Any CPU
		{C2D2D564-1272-4A5E-9BE3-8697701AF4AD}.Debug|x86.Build.0 = Debug|Any CPU
		{C2D2D564-1272-4A5E-9BE3-8697701AF4AD}.Release|Any CPU.ActiveCfg = Release|Any CPU
		{C2D2D564-1272-4A5E-9BE3-8697701AF4AD}.Release|Any CPU.Build.0 = Release|Any CPU
		{C2D2D564-1272-4A5E-9BE3-8697701AF4AD}.Release|ARM.ActiveCfg = Release|Any CPU
		{C2D2D564-1272-4A5E-9BE3-8697701AF4AD}.Release|ARM.Build.0 = Release|Any CPU
		{C2D2D564-1272-4A5E-9BE3-8697701AF4AD}.Release|x64.ActiveCfg = Release|Any CPU
		{C2D2D564-1272-4A5E-9BE3-8697701AF4AD}.Release|x64.Build.0 = Release|Any CPU
		{C2D2D564-1272-4A5E-9BE3-8697701AF4AD}.Release|x86.ActiveCfg = Release|Any CPU
		{C2D2D564-1272-4A5E-9BE3-8697701AF4AD}.Release|x86.Build.0 = Release|Any CPU
		{7DD79504-6AB8-4723-A375-8A8218998F77}.Debug|Any CPU.ActiveCfg = Debug|Any CPU
		{7DD79504-6AB8-4723-A375-8A8218998F77}.Debug|Any CPU.Build.0 = Debug|Any CPU
		{7DD79504-6AB8-4723-A375-8A8218998F77}.Debug|ARM.ActiveCfg = Debug|Any CPU
		{7DD79504-6AB8-4723-A375-8A8218998F77}.Debug|ARM.Build.0 = Debug|Any CPU
		{7DD79504-6AB8-4723-A375-8A8218998F77}.Debug|x64.ActiveCfg = Debug|Any CPU
		{7DD79504-6AB8-4723-A375-8A8218998F77}.Debug|x64.Build.0 = Debug|Any CPU
		{7DD79504-6AB8-4723-A375-8A8218998F77}.Debug|x86.ActiveCfg = Debug|Any CPU
		{7DD79504-6AB8-4723-A375-8A8218998F77}.Debug|x86.Build.0 = Debug|Any CPU
		{7DD79504-6AB8-4723-A375-8A8218998F77}.Release|Any CPU.ActiveCfg = Release|Any CPU
		{7DD79504-6AB8-4723-A375-8A8218998F77}.Release|Any CPU.Build.0 = Release|Any CPU
		{7DD79504-6AB8-4723-A375-8A8218998F77}.Release|ARM.ActiveCfg = Release|Any CPU
		{7DD79504-6AB8-4723-A375-8A8218998F77}.Release|ARM.Build.0 = Release|Any CPU
		{7DD79504-6AB8-4723-A375-8A8218998F77}.Release|x64.ActiveCfg = Release|Any CPU
		{7DD79504-6AB8-4723-A375-8A8218998F77}.Release|x64.Build.0 = Release|Any CPU
		{7DD79504-6AB8-4723-A375-8A8218998F77}.Release|x86.ActiveCfg = Release|Any CPU
		{7DD79504-6AB8-4723-A375-8A8218998F77}.Release|x86.Build.0 = Release|Any CPU
		{9987C727-B3BC-4F7C-8CEF-DD51711C6C54}.Debug|Any CPU.ActiveCfg = Debug|Any CPU
		{9987C727-B3BC-4F7C-8CEF-DD51711C6C54}.Debug|Any CPU.Build.0 = Debug|Any CPU
		{9987C727-B3BC-4F7C-8CEF-DD51711C6C54}.Debug|ARM.ActiveCfg = Debug|Any CPU
		{9987C727-B3BC-4F7C-8CEF-DD51711C6C54}.Debug|ARM.Build.0 = Debug|Any CPU
		{9987C727-B3BC-4F7C-8CEF-DD51711C6C54}.Debug|x64.ActiveCfg = Debug|Any CPU
		{9987C727-B3BC-4F7C-8CEF-DD51711C6C54}.Debug|x64.Build.0 = Debug|Any CPU
		{9987C727-B3BC-4F7C-8CEF-DD51711C6C54}.Debug|x86.ActiveCfg = Debug|Any CPU
		{9987C727-B3BC-4F7C-8CEF-DD51711C6C54}.Debug|x86.Build.0 = Debug|Any CPU
		{9987C727-B3BC-4F7C-8CEF-DD51711C6C54}.Release|Any CPU.ActiveCfg = Release|Any CPU
		{9987C727-B3BC-4F7C-8CEF-DD51711C6C54}.Release|Any CPU.Build.0 = Release|Any CPU
		{9987C727-B3BC-4F7C-8CEF-DD51711C6C54}.Release|ARM.ActiveCfg = Release|Any CPU
		{9987C727-B3BC-4F7C-8CEF-DD51711C6C54}.Release|ARM.Build.0 = Release|Any CPU
		{9987C727-B3BC-4F7C-8CEF-DD51711C6C54}.Release|x64.ActiveCfg = Release|Any CPU
		{9987C727-B3BC-4F7C-8CEF-DD51711C6C54}.Release|x64.Build.0 = Release|Any CPU
		{9987C727-B3BC-4F7C-8CEF-DD51711C6C54}.Release|x86.ActiveCfg = Release|Any CPU
		{9987C727-B3BC-4F7C-8CEF-DD51711C6C54}.Release|x86.Build.0 = Release|Any CPU
	EndGlobalSection
	GlobalSection(SolutionProperties) = preSolution
		HideSolutionNode = FALSE
	EndGlobalSection
	GlobalSection(ExtensibilityGlobals) = postSolution
		SolutionGuid = {04485741-8388-4E8C-ACEA-46D272340AAF}
	EndGlobalSection
EndGlobal
